// !$*UTF8*$!
{
	archiveVersion = 1;
	classes = {
	};
	objectVersion = 46;
	objects = {

/* Begin PBXBuildFile section */
		614991BE1B9E3D9A005278F8 /* AppDelegate.swift in Sources */ = {isa = PBXBuildFile; fileRef = 614991BD1B9E3D9A005278F8 /* AppDelegate.swift */; };
		614991C01B9E3D9A005278F8 /* ViewController.swift in Sources */ = {isa = PBXBuildFile; fileRef = 614991BF1B9E3D9A005278F8 /* ViewController.swift */; };
		614991C31B9E3D9A005278F8 /* Main.storyboard in Resources */ = {isa = PBXBuildFile; fileRef = 614991C11B9E3D9A005278F8 /* Main.storyboard */; };
		614991C61B9E3D9A005278F8 /* MegaController.xcdatamodeld in Sources */ = {isa = PBXBuildFile; fileRef = 614991C41B9E3D9A005278F8 /* MegaController.xcdatamodeld */; };
		614991C81B9E3D9A005278F8 /* Assets.xcassets in Resources */ = {isa = PBXBuildFile; fileRef = 614991C71B9E3D9A005278F8 /* Assets.xcassets */; };
		614991CB1B9E3D9A005278F8 /* LaunchScreen.storyboard in Resources */ = {isa = PBXBuildFile; fileRef = 614991C91B9E3D9A005278F8 /* LaunchScreen.storyboard */; };
		61772D8E1B9FA51900FBF11D /* UINavigationBar+Theme.swift in Sources */ = {isa = PBXBuildFile; fileRef = 61772D8D1B9FA51900FBF11D /* UINavigationBar+Theme.swift */; };
		61772D901B9FA8D300FBF11D /* RelativeTimeDateFormatter.swift in Sources */ = {isa = PBXBuildFile; fileRef = 61772D8F1B9FA8D300FBF11D /* RelativeTimeDateFormatter.swift */; };
		61772D941B9FA9A900FBF11D /* RelativeTimeDateFormatterTests.swift in Sources */ = {isa = PBXBuildFile; fileRef = 61772D931B9FA9A900FBF11D /* RelativeTimeDateFormatterTests.swift */; };
		61772D961B9FAC9F00FBF11D /* ImminentDueDatePredicate.swift in Sources */ = {isa = PBXBuildFile; fileRef = 61772D951B9FAC9F00FBF11D /* ImminentDueDatePredicate.swift */; };
		61772D9A1B9FADD200FBF11D /* ImminentDueDateTests.swift in Sources */ = {isa = PBXBuildFile; fileRef = 61772D991B9FADD200FBF11D /* ImminentDueDateTests.swift */; };
		61772D9E1B9FB00A00FBF11D /* UpcomingTaskDataManager.swift in Sources */ = {isa = PBXBuildFile; fileRef = 61772D9D1B9FB00A00FBF11D /* UpcomingTaskDataManager.swift */; };
		61772DA01B9FB3CD00FBF11D /* UpcomingTaskSection.swift in Sources */ = {isa = PBXBuildFile; fileRef = 61772D9F1B9FB3CD00FBF11D /* UpcomingTaskSection.swift */; };
		61772DA21B9FB72300FBF11D /* UpcomingTaskResultsCache.swift in Sources */ = {isa = PBXBuildFile; fileRef = 61772DA11B9FB72300FBF11D /* UpcomingTaskResultsCache.swift */; };
		619018901B9E962000A0EF74 /* NavigationController.swift in Sources */ = {isa = PBXBuildFile; fileRef = 6190188F1B9E962000A0EF74 /* NavigationController.swift */; };
		61B7AB3A1B9EA02E004CE41C /* AddViewController.swift in Sources */ = {isa = PBXBuildFile; fileRef = 61B7AB391B9EA02E004CE41C /* AddViewController.swift */; };
		61B7AB3C1B9F9B83004CE41C /* CoreDataStore.swift in Sources */ = {isa = PBXBuildFile; fileRef = 61B7AB3B1B9F9B83004CE41C /* CoreDataStore.swift */; };
		61B7AB3E1B9F9F37004CE41C /* NavigationTheme.swift in Sources */ = {isa = PBXBuildFile; fileRef = 61B7AB3D1B9F9F37004CE41C /* NavigationTheme.swift */; };
		61B7AB411B9FA11B004CE41C /* NavigationThemeTests.swift in Sources */ = {isa = PBXBuildFile; fileRef = 61B7AB401B9FA11B004CE41C /* NavigationThemeTests.swift */; };
		EB0C53031BAA20B400A9991A /* Task.swift in Sources */ = {isa = PBXBuildFile; fileRef = EB0C53021BAA20B400A9991A /* Task.swift */; };
		EB6700E91BAA2C0100DF68F7 /* UpcomingTaskResultsCacheTests.swift in Sources */ = {isa = PBXBuildFile; fileRef = EB6700E81BAA2C0100DF68F7 /* UpcomingTaskResultsCacheTests.swift */; };
		EB6700EB1BAA2ED000DF68F7 /* UpcomiungTaskSectionTests.swift in Sources */ = {isa = PBXBuildFile; fileRef = EB6700EA1BAA2ED000DF68F7 /* UpcomiungTaskSectionTests.swift */; };
		EB6700ED1BAA331100DF68F7 /* TaskTableViewCell.swift in Sources */ = {isa = PBXBuildFile; fileRef = EB6700EC1BAA331100DF68F7 /* TaskTableViewCell.swift */; };
		EB6700EF1BAA362700DF68F7 /* AddCompletionSegue.swift in Sources */ = {isa = PBXBuildFile; fileRef = EB6700EE1BAA362700DF68F7 /* AddCompletionSegue.swift */; };
		EB6700F31BAA377C00DF68F7 /* AddPresentationSegue.swift in Sources */ = {isa = PBXBuildFile; fileRef = EB6700F21BAA377C00DF68F7 /* AddPresentationSegue.swift */; };
/* End PBXBuildFile section */

/* Begin PBXContainerItemProxy section */
		614991D21B9E3D9A005278F8 /* PBXContainerItemProxy */ = {
			isa = PBXContainerItemProxy;
			containerPortal = 614991B21B9E3D9A005278F8 /* Project object */;
			proxyType = 1;
			remoteGlobalIDString = 614991B91B9E3D9A005278F8;
			remoteInfo = MegaController;
		};
/* End PBXContainerItemProxy section */

/* Begin PBXFileReference section */
		614991BA1B9E3D9A005278F8 /* MegaController.app */ = {isa = PBXFileReference; explicitFileType = wrapper.application; includeInIndex = 0; path = MegaController.app; sourceTree = BUILT_PRODUCTS_DIR; };
		614991BD1B9E3D9A005278F8 /* AppDelegate.swift */ = {isa = PBXFileReference; lastKnownFileType = sourcecode.swift; path = AppDelegate.swift; sourceTree = "<group>"; };
		614991BF1B9E3D9A005278F8 /* ViewController.swift */ = {isa = PBXFileReference; lastKnownFileType = sourcecode.swift; path = ViewController.swift; sourceTree = "<group>"; };
		614991C21B9E3D9A005278F8 /* Base */ = {isa = PBXFileReference; lastKnownFileType = file.storyboard; name = Base; path = Base.lproj/Main.storyboard; sourceTree = "<group>"; };
		614991C51B9E3D9A005278F8 /* MegaController.xcdatamodel */ = {isa = PBXFileReference; lastKnownFileType = wrapper.xcdatamodel; path = MegaController.xcdatamodel; sourceTree = "<group>"; };
		614991C71B9E3D9A005278F8 /* Assets.xcassets */ = {isa = PBXFileReference; lastKnownFileType = folder.assetcatalog; path = Assets.xcassets; sourceTree = "<group>"; };
		614991CA1B9E3D9A005278F8 /* Base */ = {isa = PBXFileReference; lastKnownFileType = file.storyboard; name = Base; path = Base.lproj/LaunchScreen.storyboard; sourceTree = "<group>"; };
		614991CC1B9E3D9A005278F8 /* Info.plist */ = {isa = PBXFileReference; lastKnownFileType = text.plist.xml; path = Info.plist; sourceTree = "<group>"; };
		614991D11B9E3D9A005278F8 /* MegaControllerTests.xctest */ = {isa = PBXFileReference; explicitFileType = wrapper.cfbundle; includeInIndex = 0; path = MegaControllerTests.xctest; sourceTree = BUILT_PRODUCTS_DIR; };
		614991D71B9E3D9A005278F8 /* Info.plist */ = {isa = PBXFileReference; lastKnownFileType = text.plist.xml; path = Info.plist; sourceTree = "<group>"; };
		61772D8D1B9FA51900FBF11D /* UINavigationBar+Theme.swift */ = {isa = PBXFileReference; fileEncoding = 4; lastKnownFileType = sourcecode.swift; path = "UINavigationBar+Theme.swift"; sourceTree = "<group>"; };
		61772D8F1B9FA8D300FBF11D /* RelativeTimeDateFormatter.swift */ = {isa = PBXFileReference; fileEncoding = 4; lastKnownFileType = sourcecode.swift; path = RelativeTimeDateFormatter.swift; sourceTree = "<group>"; };
		61772D931B9FA9A900FBF11D /* RelativeTimeDateFormatterTests.swift */ = {isa = PBXFileReference; fileEncoding = 4; lastKnownFileType = sourcecode.swift; path = RelativeTimeDateFormatterTests.swift; sourceTree = "<group>"; };
		61772D951B9FAC9F00FBF11D /* ImminentDueDatePredicate.swift */ = {isa = PBXFileReference; fileEncoding = 4; lastKnownFileType = sourcecode.swift; path = ImminentDueDatePredicate.swift; sourceTree = "<group>"; };
		61772D991B9FADD200FBF11D /* ImminentDueDateTests.swift */ = {isa = PBXFileReference; fileEncoding = 4; lastKnownFileType = sourcecode.swift; path = ImminentDueDateTests.swift; sourceTree = "<group>"; };
		61772D9D1B9FB00A00FBF11D /* UpcomingTaskDataManager.swift */ = {isa = PBXFileReference; fileEncoding = 4; lastKnownFileType = sourcecode.swift; path = UpcomingTaskDataManager.swift; sourceTree = "<group>"; };
		61772D9F1B9FB3CD00FBF11D /* UpcomingTaskSection.swift */ = {isa = PBXFileReference; fileEncoding = 4; lastKnownFileType = sourcecode.swift; path = UpcomingTaskSection.swift; sourceTree = "<group>"; };
		61772DA11B9FB72300FBF11D /* UpcomingTaskResultsCache.swift */ = {isa = PBXFileReference; fileEncoding = 4; lastKnownFileType = sourcecode.swift; path = UpcomingTaskResultsCache.swift; sourceTree = "<group>"; };
		6190188F1B9E962000A0EF74 /* NavigationController.swift */ = {isa = PBXFileReference; fileEncoding = 4; lastKnownFileType = sourcecode.swift; path = NavigationController.swift; sourceTree = "<group>"; };
		61B7AB391B9EA02E004CE41C /* AddViewController.swift */ = {isa = PBXFileReference; fileEncoding = 4; lastKnownFileType = sourcecode.swift; path = AddViewController.swift; sourceTree = "<group>"; };
		61B7AB3B1B9F9B83004CE41C /* CoreDataStore.swift */ = {isa = PBXFileReference; fileEncoding = 4; lastKnownFileType = sourcecode.swift; path = CoreDataStore.swift; sourceTree = "<group>"; };
		61B7AB3D1B9F9F37004CE41C /* NavigationTheme.swift */ = {isa = PBXFileReference; fileEncoding = 4; lastKnownFileType = sourcecode.swift; path = NavigationTheme.swift; sourceTree = "<group>"; };
		61B7AB3F1B9FA11B004CE41C /* MegaControllerTests-Bridging-Header.h */ = {isa = PBXFileReference; lastKnownFileType = sourcecode.c.h; path = "MegaControllerTests-Bridging-Header.h"; sourceTree = "<group>"; };
		61B7AB401B9FA11B004CE41C /* NavigationThemeTests.swift */ = {isa = PBXFileReference; fileEncoding = 4; lastKnownFileType = sourcecode.swift; path = NavigationThemeTests.swift; sourceTree = "<group>"; };
		EB0C53021BAA20B400A9991A /* Task.swift */ = {isa = PBXFileReference; fileEncoding = 4; lastKnownFileType = sourcecode.swift; path = Task.swift; sourceTree = "<group>"; };
		EB6700E81BAA2C0100DF68F7 /* UpcomingTaskResultsCacheTests.swift */ = {isa = PBXFileReference; fileEncoding = 4; lastKnownFileType = sourcecode.swift; path = UpcomingTaskResultsCacheTests.swift; sourceTree = "<group>"; };
		EB6700EA1BAA2ED000DF68F7 /* UpcomiungTaskSectionTests.swift */ = {isa = PBXFileReference; fileEncoding = 4; lastKnownFileType = sourcecode.swift; path = UpcomiungTaskSectionTests.swift; sourceTree = "<group>"; };
		EB6700EC1BAA331100DF68F7 /* TaskTableViewCell.swift */ = {isa = PBXFileReference; fileEncoding = 4; lastKnownFileType = sourcecode.swift; path = TaskTableViewCell.swift; sourceTree = "<group>"; };
		EB6700EE1BAA362700DF68F7 /* AddCompletionSegue.swift */ = {isa = PBXFileReference; fileEncoding = 4; lastKnownFileType = sourcecode.swift; path = AddCompletionSegue.swift; sourceTree = "<group>"; };
		EB6700F21BAA377C00DF68F7 /* AddPresentationSegue.swift */ = {isa = PBXFileReference; fileEncoding = 4; lastKnownFileType = sourcecode.swift; path = AddPresentationSegue.swift; sourceTree = "<group>"; };
/* End PBXFileReference section */

/* Begin PBXFrameworksBuildPhase section */
		614991B71B9E3D9A005278F8 /* Frameworks */ = {
			isa = PBXFrameworksBuildPhase;
			buildActionMask = 2147483647;
			files = (
			);
			runOnlyForDeploymentPostprocessing = 0;
		};
		614991CE1B9E3D9A005278F8 /* Frameworks */ = {
			isa = PBXFrameworksBuildPhase;
			buildActionMask = 2147483647;
			files = (
			);
			runOnlyForDeploymentPostprocessing = 0;
		};
/* End PBXFrameworksBuildPhase section */

/* Begin PBXGroup section */
		614991B11B9E3D9A005278F8 = {
			isa = PBXGroup;
			children = (
				614991BC1B9E3D9A005278F8 /* MegaController */,
				614991BB1B9E3D9A005278F8 /* Products */,
			);
			sourceTree = "<group>";
		};
		614991BB1B9E3D9A005278F8 /* Products */ = {
			isa = PBXGroup;
			children = (
				614991BA1B9E3D9A005278F8 /* MegaController.app */,
				614991D11B9E3D9A005278F8 /* MegaControllerTests.xctest */,
			);
			name = Products;
			sourceTree = "<group>";
		};
		614991BC1B9E3D9A005278F8 /* MegaController */ = {
			isa = PBXGroup;
			children = (
				614991BD1B9E3D9A005278F8 /* AppDelegate.swift */,
				6190188F1B9E962000A0EF74 /* NavigationController.swift */,
				614991BF1B9E3D9A005278F8 /* ViewController.swift */,
				EB6700EC1BAA331100DF68F7 /* TaskTableViewCell.swift */,
				61772D9D1B9FB00A00FBF11D /* UpcomingTaskDataManager.swift */,
				61772D9F1B9FB3CD00FBF11D /* UpcomingTaskSection.swift */,
				61772DA11B9FB72300FBF11D /* UpcomingTaskResultsCache.swift */,
				61B7AB391B9EA02E004CE41C /* AddViewController.swift */,
				EB6700F21BAA377C00DF68F7 /* AddPresentationSegue.swift */,
				EB6700EE1BAA362700DF68F7 /* AddCompletionSegue.swift */,
				61B7AB3B1B9F9B83004CE41C /* CoreDataStore.swift */,
				EB0C53021BAA20B400A9991A /* Task.swift */,
				61B7AB3D1B9F9F37004CE41C /* NavigationTheme.swift */,
				61772D8D1B9FA51900FBF11D /* UINavigationBar+Theme.swift */,
				61772D8F1B9FA8D300FBF11D /* RelativeTimeDateFormatter.swift */,
				61772D951B9FAC9F00FBF11D /* ImminentDueDatePredicate.swift */,
				614991C11B9E3D9A005278F8 /* Main.storyboard */,
				614991C71B9E3D9A005278F8 /* Assets.xcassets */,
				614991C91B9E3D9A005278F8 /* LaunchScreen.storyboard */,
				614991CC1B9E3D9A005278F8 /* Info.plist */,
				614991C41B9E3D9A005278F8 /* MegaController.xcdatamodeld */,
				614991D41B9E3D9A005278F8 /* MegaControllerTests */,
			);
			path = MegaController;
			sourceTree = "<group>";
		};
		614991D41B9E3D9A005278F8 /* MegaControllerTests */ = {
			isa = PBXGroup;
			children = (
				61B7AB401B9FA11B004CE41C /* NavigationThemeTests.swift */,
				61772D931B9FA9A900FBF11D /* RelativeTimeDateFormatterTests.swift */,
				61772D991B9FADD200FBF11D /* ImminentDueDateTests.swift */,
				EB6700EA1BAA2ED000DF68F7 /* UpcomiungTaskSectionTests.swift */,
				614991D71B9E3D9A005278F8 /* Info.plist */,
				61B7AB3F1B9FA11B004CE41C /* MegaControllerTests-Bridging-Header.h */,
				EB6700E81BAA2C0100DF68F7 /* UpcomingTaskResultsCacheTests.swift */,
			);
			path = MegaControllerTests;
			sourceTree = SOURCE_ROOT;
		};
/* End PBXGroup section */

/* Begin PBXNativeTarget section */
		614991B91B9E3D9A005278F8 /* MegaController */ = {
			isa = PBXNativeTarget;
			buildConfigurationList = 614991E51B9E3D9A005278F8 /* Build configuration list for PBXNativeTarget "MegaController" */;
			buildPhases = (
				614991B61B9E3D9A005278F8 /* Sources */,
				614991B71B9E3D9A005278F8 /* Frameworks */,
				614991B81B9E3D9A005278F8 /* Resources */,
			);
			buildRules = (
			);
			dependencies = (
			);
			name = MegaController;
			productName = MegaController;
			productReference = 614991BA1B9E3D9A005278F8 /* MegaController.app */;
			productType = "com.apple.product-type.application";
		};
		614991D01B9E3D9A005278F8 /* MegaControllerTests */ = {
			isa = PBXNativeTarget;
			buildConfigurationList = 614991E81B9E3D9A005278F8 /* Build configuration list for PBXNativeTarget "MegaControllerTests" */;
			buildPhases = (
				614991CD1B9E3D9A005278F8 /* Sources */,
				614991CE1B9E3D9A005278F8 /* Frameworks */,
				614991CF1B9E3D9A005278F8 /* Resources */,
			);
			buildRules = (
			);
			dependencies = (
				614991D31B9E3D9A005278F8 /* PBXTargetDependency */,
			);
			name = MegaControllerTests;
			productName = MegaControllerTests;
			productReference = 614991D11B9E3D9A005278F8 /* MegaControllerTests.xctest */;
			productType = "com.apple.product-type.bundle.unit-test";
		};
/* End PBXNativeTarget section */

/* Begin PBXProject section */
		614991B21B9E3D9A005278F8 /* Project object */ = {
			isa = PBXProject;
			attributes = {
				LastSwiftUpdateCheck = 0700;
				LastUpgradeCheck = 0700;
				ORGANIZATIONNAME = "Andy Matuschak";
				TargetAttributes = {
					614991B91B9E3D9A005278F8 = {
						CreatedOnToolsVersion = 7.0;
					};
					614991D01B9E3D9A005278F8 = {
						CreatedOnToolsVersion = 7.0;
						TestTargetID = 614991B91B9E3D9A005278F8;
					};
				};
			};
			buildConfigurationList = 614991B51B9E3D9A005278F8 /* Build configuration list for PBXProject "MegaController" */;
			compatibilityVersion = "Xcode 3.2";
			developmentRegion = English;
			hasScannedForEncodings = 0;
			knownRegions = (
				en,
				Base,
			);
			mainGroup = 614991B11B9E3D9A005278F8;
			productRefGroup = 614991BB1B9E3D9A005278F8 /* Products */;
			projectDirPath = "";
			projectRoot = "";
			targets = (
				614991B91B9E3D9A005278F8 /* MegaController */,
				614991D01B9E3D9A005278F8 /* MegaControllerTests */,
			);
		};
/* End PBXProject section */

/* Begin PBXResourcesBuildPhase section */
		614991B81B9E3D9A005278F8 /* Resources */ = {
			isa = PBXResourcesBuildPhase;
			buildActionMask = 2147483647;
			files = (
				614991CB1B9E3D9A005278F8 /* LaunchScreen.storyboard in Resources */,
				614991C81B9E3D9A005278F8 /* Assets.xcassets in Resources */,
				614991C31B9E3D9A005278F8 /* Main.storyboard in Resources */,
			);
			runOnlyForDeploymentPostprocessing = 0;
		};
		614991CF1B9E3D9A005278F8 /* Resources */ = {
			isa = PBXResourcesBuildPhase;
			buildActionMask = 2147483647;
			files = (
			);
			runOnlyForDeploymentPostprocessing = 0;
		};
/* End PBXResourcesBuildPhase section */

/* Begin PBXSourcesBuildPhase section */
		614991B61B9E3D9A005278F8 /* Sources */ = {
			isa = PBXSourcesBuildPhase;
			buildActionMask = 2147483647;
			files = (
				61772DA21B9FB72300FBF11D /* UpcomingTaskResultsCache.swift in Sources */,
				61B7AB3C1B9F9B83004CE41C /* CoreDataStore.swift in Sources */,
				EB6700ED1BAA331100DF68F7 /* TaskTableViewCell.swift in Sources */,
				61B7AB3A1B9EA02E004CE41C /* AddViewController.swift in Sources */,
				614991C61B9E3D9A005278F8 /* MegaController.xcdatamodeld in Sources */,
				61772D9E1B9FB00A00FBF11D /* UpcomingTaskDataManager.swift in Sources */,
				619018901B9E962000A0EF74 /* NavigationController.swift in Sources */,
				61772D901B9FA8D300FBF11D /* RelativeTimeDateFormatter.swift in Sources */,
				EB6700F31BAA377C00DF68F7 /* AddPresentationSegue.swift in Sources */,
				61772DA01B9FB3CD00FBF11D /* UpcomingTaskSection.swift in Sources */,
				61B7AB3E1B9F9F37004CE41C /* NavigationTheme.swift in Sources */,
				614991C01B9E3D9A005278F8 /* ViewController.swift in Sources */,
				EB6700EF1BAA362700DF68F7 /* AddCompletionSegue.swift in Sources */,
				61772D961B9FAC9F00FBF11D /* ImminentDueDatePredicate.swift in Sources */,
				614991BE1B9E3D9A005278F8 /* AppDelegate.swift in Sources */,
				EB0C53031BAA20B400A9991A /* Task.swift in Sources */,
				61772D8E1B9FA51900FBF11D /* UINavigationBar+Theme.swift in Sources */,
			);
			runOnlyForDeploymentPostprocessing = 0;
		};
		614991CD1B9E3D9A005278F8 /* Sources */ = {
			isa = PBXSourcesBuildPhase;
			buildActionMask = 2147483647;
			files = (
				EB6700E91BAA2C0100DF68F7 /* UpcomingTaskResultsCacheTests.swift in Sources */,
				EB6700EB1BAA2ED000DF68F7 /* UpcomiungTaskSectionTests.swift in Sources */,
				61772D9A1B9FADD200FBF11D /* ImminentDueDateTests.swift in Sources */,
				61B7AB411B9FA11B004CE41C /* NavigationThemeTests.swift in Sources */,
				61772D941B9FA9A900FBF11D /* RelativeTimeDateFormatterTests.swift in Sources */,
			);
			runOnlyForDeploymentPostprocessing = 0;
		};
/* End PBXSourcesBuildPhase section */

/* Begin PBXTargetDependency section */
		614991D31B9E3D9A005278F8 /* PBXTargetDependency */ = {
			isa = PBXTargetDependency;
			target = 614991B91B9E3D9A005278F8 /* MegaController */;
			targetProxy = 614991D21B9E3D9A005278F8 /* PBXContainerItemProxy */;
		};
/* End PBXTargetDependency section */

/* Begin PBXVariantGroup section */
		614991C11B9E3D9A005278F8 /* Main.storyboard */ = {
			isa = PBXVariantGroup;
			children = (
				614991C21B9E3D9A005278F8 /* Base */,
			);
			name = Main.storyboard;
			sourceTree = "<group>";
		};
		614991C91B9E3D9A005278F8 /* LaunchScreen.storyboard */ = {
			isa = PBXVariantGroup;
			children = (
				614991CA1B9E3D9A005278F8 /* Base */,
			);
			name = LaunchScreen.storyboard;
			sourceTree = "<group>";
		};
/* End PBXVariantGroup section */

/* Begin XCBuildConfiguration section */
		614991E31B9E3D9A005278F8 /* Debug */ = {
			isa = XCBuildConfiguration;
			buildSettings = {
				ALWAYS_SEARCH_USER_PATHS = NO;
				CLANG_CXX_LANGUAGE_STANDARD = "gnu++0x";
				CLANG_CXX_LIBRARY = "libc++";
				CLANG_ENABLE_MODULES = YES;
				CLANG_ENABLE_OBJC_ARC = YES;
				CLANG_WARN_BOOL_CONVERSION = YES;
				CLANG_WARN_CONSTANT_CONVERSION = YES;
				CLANG_WARN_DIRECT_OBJC_ISA_USAGE = YES_ERROR;
				CLANG_WARN_EMPTY_BODY = YES;
				CLANG_WARN_ENUM_CONVERSION = YES;
				CLANG_WARN_INT_CONVERSION = YES;
				CLANG_WARN_OBJC_ROOT_CLASS = YES_ERROR;
				CLANG_WARN_UNREACHABLE_CODE = YES;
				CLANG_WARN__DUPLICATE_METHOD_MATCH = YES;
				"CODE_SIGN_IDENTITY[sdk=iphoneos*]" = "iPhone Developer";
				COPY_PHASE_STRIP = NO;
				DEBUG_INFORMATION_FORMAT = dwarf;
				ENABLE_STRICT_OBJC_MSGSEND = YES;
				ENABLE_TESTABILITY = YES;
				GCC_C_LANGUAGE_STANDARD = gnu99;
				GCC_DYNAMIC_NO_PIC = NO;
				GCC_NO_COMMON_BLOCKS = YES;
				GCC_OPTIMIZATION_LEVEL = 0;
				GCC_PREPROCESSOR_DEFINITIONS = (
					"DEBUG=1",
					"$(inherited)",
				);
				GCC_WARN_64_TO_32_BIT_CONVERSION = YES;
				GCC_WARN_ABOUT_RETURN_TYPE = YES_ERROR;
				GCC_WARN_UNDECLARED_SELECTOR = YES;
				GCC_WARN_UNINITIALIZED_AUTOS = YES_AGGRESSIVE;
				GCC_WARN_UNUSED_FUNCTION = YES;
				GCC_WARN_UNUSED_VARIABLE = YES;
				IPHONEOS_DEPLOYMENT_TARGET = 9.0;
				MTL_ENABLE_DEBUG_INFO = YES;
				ONLY_ACTIVE_ARCH = YES;
				SDKROOT = iphoneos;
				SWIFT_OPTIMIZATION_LEVEL = "-Onone";
				TARGETED_DEVICE_FAMILY = "1,2";
			};
			name = Debug;
		};
		614991E41B9E3D9A005278F8 /* Release */ = {
			isa = XCBuildConfiguration;
			buildSettings = {
				ALWAYS_SEARCH_USER_PATHS = NO;
				CLANG_CXX_LANGUAGE_STANDARD = "gnu++0x";
				CLANG_CXX_LIBRARY = "libc++";
				CLANG_ENABLE_MODULES = YES;
				CLANG_ENABLE_OBJC_ARC = YES;
				CLANG_WARN_BOOL_CONVERSION = YES;
				CLANG_WARN_CONSTANT_CONVERSION = YES;
				CLANG_WARN_DIRECT_OBJC_ISA_USAGE = YES_ERROR;
				CLANG_WARN_EMPTY_BODY = YES;
				CLANG_WARN_ENUM_CONVERSION = YES;
				CLANG_WARN_INT_CONVERSION = YES;
				CLANG_WARN_OBJC_ROOT_CLASS = YES_ERROR;
				CLANG_WARN_UNREACHABLE_CODE = YES;
				CLANG_WARN__DUPLICATE_METHOD_MATCH = YES;
				"CODE_SIGN_IDENTITY[sdk=iphoneos*]" = "iPhone Developer";
				COPY_PHASE_STRIP = NO;
				DEBUG_INFORMATION_FORMAT = "dwarf-with-dsym";
				ENABLE_NS_ASSERTIONS = NO;
				ENABLE_STRICT_OBJC_MSGSEND = YES;
				GCC_C_LANGUAGE_STANDARD = gnu99;
				GCC_NO_COMMON_BLOCKS = YES;
				GCC_WARN_64_TO_32_BIT_CONVERSION = YES;
				GCC_WARN_ABOUT_RETURN_TYPE = YES_ERROR;
				GCC_WARN_UNDECLARED_SELECTOR = YES;
				GCC_WARN_UNINITIALIZED_AUTOS = YES_AGGRESSIVE;
				GCC_WARN_UNUSED_FUNCTION = YES;
				GCC_WARN_UNUSED_VARIABLE = YES;
				IPHONEOS_DEPLOYMENT_TARGET = 9.0;
				MTL_ENABLE_DEBUG_INFO = NO;
				SDKROOT = iphoneos;
				TARGETED_DEVICE_FAMILY = "1,2";
				VALIDATE_PRODUCT = YES;
			};
			name = Release;
		};
		614991E61B9E3D9A005278F8 /* Debug */ = {
			isa = XCBuildConfiguration;
			buildSettings = {
				ASSETCATALOG_COMPILER_APPICON_NAME = AppIcon;
				INFOPLIST_FILE = MegaController/Info.plist;
				LD_RUNPATH_SEARCH_PATHS = "$(inherited) @executable_path/Frameworks";
				PRODUCT_BUNDLE_IDENTIFIER = org.andymatuschak.MegaController;
				PRODUCT_NAME = "$(TARGET_NAME)";
			};
			name = Debug;
		};
		614991E71B9E3D9A005278F8 /* Release */ = {
			isa = XCBuildConfiguration;
			buildSettings = {
				ASSETCATALOG_COMPILER_APPICON_NAME = AppIcon;
				INFOPLIST_FILE = MegaController/Info.plist;
				LD_RUNPATH_SEARCH_PATHS = "$(inherited) @executable_path/Frameworks";
				PRODUCT_BUNDLE_IDENTIFIER = org.andymatuschak.MegaController;
				PRODUCT_NAME = "$(TARGET_NAME)";
			};
			name = Release;
		};
		614991E91B9E3D9A005278F8 /* Debug */ = {
			isa = XCBuildConfiguration;
			buildSettings = {
				BUNDLE_LOADER = "$(TEST_HOST)";
				CLANG_ENABLE_MODULES = YES;
				INFOPLIST_FILE = MegaControllerTests/Info.plist;
				LD_RUNPATH_SEARCH_PATHS = "$(inherited) @executable_path/Frameworks @loader_path/Frameworks";
				PRODUCT_BUNDLE_IDENTIFIER = org.andymatuschak.MegaControllerTests;
				PRODUCT_NAME = "$(TARGET_NAME)";
				SWIFT_OBJC_BRIDGING_HEADER = "MegaControllerTests/MegaControllerTests-Bridging-Header.h";
				SWIFT_OPTIMIZATION_LEVEL = "-Onone";
				TEST_HOST = "$(BUILT_PRODUCTS_DIR)/MegaController.app/MegaController";
			};
			name = Debug;
		};
		614991EA1B9E3D9A005278F8 /* Release */ = {
			isa = XCBuildConfiguration;
			buildSettings = {
				BUNDLE_LOADER = "$(TEST_HOST)";
				CLANG_ENABLE_MODULES = YES;
				INFOPLIST_FILE = MegaControllerTests/Info.plist;
				LD_RUNPATH_SEARCH_PATHS = "$(inherited) @executable_path/Frameworks @loader_path/Frameworks";
				PRODUCT_BUNDLE_IDENTIFIER = org.andymatuschak.MegaControllerTests;
				PRODUCT_NAME = "$(TARGET_NAME)";
				SWIFT_OBJC_BRIDGING_HEADER = "MegaControllerTests/MegaControllerTests-Bridging-Header.h";
				TEST_HOST = "$(BUILT_PRODUCTS_DIR)/MegaController.app/MegaController";
			};
			name = Release;
		};
/* End XCBuildConfiguration section */

/* Begin XCConfigurationList section */
		614991B51B9E3D9A005278F8 /* Build configuration list for PBXProject "MegaController" */ = {
			isa = XCConfigurationList;
			buildConfigurations = (
				614991E31B9E3D9A005278F8 /* Debug */,
				614991E41B9E3D9A005278F8 /* Release */,
			);
			defaultConfigurationIsVisible = 0;
			defaultConfigurationName = Release;
		};
		614991E51B9E3D9A005278F8 /* Build configuration list for PBXNativeTarget "MegaController" */ = {
			isa = XCConfigurationList;
			buildConfigurations = (
				614991E61B9E3D9A005278F8 /* Debug */,
				614991E71B9E3D9A005278F8 /* Release */,
			);
			defaultConfigurationIsVisible = 0;
			defaultConfigurationName = Release;
		};
		614991E81B9E3D9A005278F8 /* Build configuration list for PBXNativeTarget "MegaControllerTests" */ = {
			isa = XCConfigurationList;
			buildConfigurations = (
				614991E91B9E3D9A005278F8 /* Debug */,
				614991EA1B9E3D9A005278F8 /* Release */,
			);
			defaultConfigurationIsVisible = 0;
			defaultConfigurationName = Release;
		};
/* End XCConfigurationList section */

/* Begin XCVersionGroup section */
		614991C41B9E3D9A005278F8 /* MegaController.xcdatamodeld */ = {
			isa = XCVersionGroup;
			children = (
				614991C51B9E3D9A005278F8 /* MegaController.xcdatamodel */,
			);
			currentVersion = 614991C51B9E3D9A005278F8 /* MegaController.xcdatamodel */;
			path = MegaController.xcdatamodeld;
			sourceTree = "<group>";
			versionGroupType = wrapper.xcdatamodel;
		};
/* End XCVersionGroup section */
	};
	rootObject = 614991B21B9E3D9A005278F8 /* Project object */;
}
